// !$*UTF8*$!
{
	archiveVersion = 1;
	classes = {
	};
	objectVersion = 56;
	objects = {

/* Begin PBXBuildFile section */
		3A7ABEA12BC7EB2200804DEE /* UIPracticeApp.swift in Sources */ = {isa = PBXBuildFile; fileRef = 3A7ABEA02BC7EB2200804DEE /* UIPracticeApp.swift */; };
		3A7ABEA32BC7EB2200804DEE /* ContentView.swift in Sources */ = {isa = PBXBuildFile; fileRef = 3A7ABEA22BC7EB2200804DEE /* ContentView.swift */; };
		3A7ABEA52BC7EB2400804DEE /* Assets.xcassets in Resources */ = {isa = PBXBuildFile; fileRef = 3A7ABEA42BC7EB2400804DEE /* Assets.xcassets */; };
		3A7ABEA82BC7EB2400804DEE /* Preview Assets.xcassets in Resources */ = {isa = PBXBuildFile; fileRef = 3A7ABEA72BC7EB2400804DEE /* Preview Assets.xcassets */; };
		3A7ABEB02BC7EB3A00804DEE /* SDWebImageSwiftUI in Frameworks */ = {isa = PBXBuildFile; productRef = 3A7ABEAF2BC7EB3A00804DEE /* SDWebImageSwiftUI */; };
		3A7ABEB32BC7EB5100804DEE /* ImageLoaderView.swift in Sources */ = {isa = PBXBuildFile; fileRef = 3A7ABEB22BC7EB5100804DEE /* ImageLoaderView.swift */; };
		3A7ABEB52BC7EC2500804DEE /* Constants.swift in Sources */ = {isa = PBXBuildFile; fileRef = 3A7ABEB42BC7EC2500804DEE /* Constants.swift */; };
		3A7ABEB72BC7EDBF00804DEE /* DatabaseHelper.swift in Sources */ = {isa = PBXBuildFile; fileRef = 3A7ABEB62BC7EDBF00804DEE /* DatabaseHelper.swift */; };
		3A7ABEB92BC7F89100804DEE /* Product.swift in Sources */ = {isa = PBXBuildFile; fileRef = 3A7ABEB82BC7F89100804DEE /* Product.swift */; };
		3A7ABEBB2BC7F8A500804DEE /* User.swift in Sources */ = {isa = PBXBuildFile; fileRef = 3A7ABEBA2BC7F8A500804DEE /* User.swift */; };
		3A7ABEBE2BC7F9C600804DEE /* SwiftfulUI in Frameworks */ = {isa = PBXBuildFile; productRef = 3A7ABEBD2BC7F9C600804DEE /* SwiftfulUI */; };
		3A7ABEC12BC7F9E000804DEE /* SwiftfulRouting in Frameworks */ = {isa = PBXBuildFile; productRef = 3A7ABEC02BC7F9E000804DEE /* SwiftfulRouting */; };
		3A7ABEC62BC7FC1C00804DEE /* SpotifyHomeView.swift in Sources */ = {isa = PBXBuildFile; fileRef = 3A7ABEC52BC7FC1C00804DEE /* SpotifyHomeView.swift */; };
		3A7ABEC82BC7FDBC00804DEE /* SpotifyCategoryCell.swift in Sources */ = {isa = PBXBuildFile; fileRef = 3A7ABEC72BC7FDBC00804DEE /* SpotifyCategoryCell.swift */; };
		3A7ABECB2BC7FECA00804DEE /* Category.swift in Sources */ = {isa = PBXBuildFile; fileRef = 3A7ABECA2BC7FECA00804DEE /* Category.swift */; };
		3A7ABECD2BC80F1E00804DEE /* SpotifyRecentsCell.swift in Sources */ = {isa = PBXBuildFile; fileRef = 3A7ABECC2BC80F1E00804DEE /* SpotifyRecentsCell.swift */; };
		3A7ABED02BC812D700804DEE /* SpotifyNewReleaseCell.swift in Sources */ = {isa = PBXBuildFile; fileRef = 3A7ABECF2BC812D700804DEE /* SpotifyNewReleaseCell.swift */; };
		3A7ABED22BCA349200804DEE /* ImageTitleRowCell.swift in Sources */ = {isa = PBXBuildFile; fileRef = 3A7ABED12BCA349200804DEE /* ImageTitleRowCell.swift */; };
		3A7ABEE42BCD1F0B00804DEE /* SpotifyPlaylistView.swift in Sources */ = {isa = PBXBuildFile; fileRef = 3A7ABEE32BCD1F0B00804DEE /* SpotifyPlaylistView.swift */; };
		3A7ABEE62BCD1F3F00804DEE /* PlaylistHeaderCell.swift in Sources */ = {isa = PBXBuildFile; fileRef = 3A7ABEE52BCD1F3F00804DEE /* PlaylistHeaderCell.swift */; };
		3A7ABEE82BCD24D300804DEE /* PlaylistDescriptionCell.swift in Sources */ = {isa = PBXBuildFile; fileRef = 3A7ABEE72BCD24D300804DEE /* PlaylistDescriptionCell.swift */; };
		3A7ABEEA2BCD30C800804DEE /* SongRowCell.swift in Sources */ = {isa = PBXBuildFile; fileRef = 3A7ABEE92BCD30C800804DEE /* SongRowCell.swift */; };
/* End PBXBuildFile section */

/* Begin PBXFileReference section */
		3A7ABE9D2BC7EB2200804DEE /* UIPractice.app */ = {isa = PBXFileReference; explicitFileType = wrapper.application; includeInIndex = 0; path = UIPractice.app; sourceTree = BUILT_PRODUCTS_DIR; };
		3A7ABEA02BC7EB2200804DEE /* UIPracticeApp.swift */ = {isa = PBXFileReference; lastKnownFileType = sourcecode.swift; path = UIPracticeApp.swift; sourceTree = "<group>"; };
		3A7ABEA22BC7EB2200804DEE /* ContentView.swift */ = {isa = PBXFileReference; lastKnownFileType = sourcecode.swift; path = ContentView.swift; sourceTree = "<group>"; };
		3A7ABEA42BC7EB2400804DEE /* Assets.xcassets */ = {isa = PBXFileReference; lastKnownFileType = folder.assetcatalog; path = Assets.xcassets; sourceTree = "<group>"; };
		3A7ABEA72BC7EB2400804DEE /* Preview Assets.xcassets */ = {isa = PBXFileReference; lastKnownFileType = folder.assetcatalog; path = "Preview Assets.xcassets"; sourceTree = "<group>"; };
		3A7ABEB22BC7EB5100804DEE /* ImageLoaderView.swift */ = {isa = PBXFileReference; lastKnownFileType = sourcecode.swift; path = ImageLoaderView.swift; sourceTree = "<group>"; };
		3A7ABEB42BC7EC2500804DEE /* Constants.swift */ = {isa = PBXFileReference; lastKnownFileType = sourcecode.swift; path = Constants.swift; sourceTree = "<group>"; };
		3A7ABEB62BC7EDBF00804DEE /* DatabaseHelper.swift */ = {isa = PBXFileReference; lastKnownFileType = sourcecode.swift; path = DatabaseHelper.swift; sourceTree = "<group>"; };
		3A7ABEB82BC7F89100804DEE /* Product.swift */ = {isa = PBXFileReference; lastKnownFileType = sourcecode.swift; path = Product.swift; sourceTree = "<group>"; };
		3A7ABEBA2BC7F8A500804DEE /* User.swift */ = {isa = PBXFileReference; lastKnownFileType = sourcecode.swift; path = User.swift; sourceTree = "<group>"; };
		3A7ABEC52BC7FC1C00804DEE /* SpotifyHomeView.swift */ = {isa = PBXFileReference; lastKnownFileType = sourcecode.swift; path = SpotifyHomeView.swift; sourceTree = "<group>"; };
		3A7ABEC72BC7FDBC00804DEE /* SpotifyCategoryCell.swift */ = {isa = PBXFileReference; lastKnownFileType = sourcecode.swift; path = SpotifyCategoryCell.swift; sourceTree = "<group>"; };
		3A7ABECA2BC7FECA00804DEE /* Category.swift */ = {isa = PBXFileReference; lastKnownFileType = sourcecode.swift; path = Category.swift; sourceTree = "<group>"; };
		3A7ABECC2BC80F1E00804DEE /* SpotifyRecentsCell.swift */ = {isa = PBXFileReference; lastKnownFileType = sourcecode.swift; path = SpotifyRecentsCell.swift; sourceTree = "<group>"; };
		3A7ABECF2BC812D700804DEE /* SpotifyNewReleaseCell.swift */ = {isa = PBXFileReference; lastKnownFileType = sourcecode.swift; path = SpotifyNewReleaseCell.swift; sourceTree = "<group>"; };
		3A7ABED12BCA349200804DEE /* ImageTitleRowCell.swift */ = {isa = PBXFileReference; lastKnownFileType = sourcecode.swift; path = ImageTitleRowCell.swift; sourceTree = "<group>"; };
		3A7ABEE32BCD1F0B00804DEE /* SpotifyPlaylistView.swift */ = {isa = PBXFileReference; lastKnownFileType = sourcecode.swift; path = SpotifyPlaylistView.swift; sourceTree = "<group>"; };
		3A7ABEE52BCD1F3F00804DEE /* PlaylistHeaderCell.swift */ = {isa = PBXFileReference; lastKnownFileType = sourcecode.swift; path = PlaylistHeaderCell.swift; sourceTree = "<group>"; };
		3A7ABEE72BCD24D300804DEE /* PlaylistDescriptionCell.swift */ = {isa = PBXFileReference; lastKnownFileType = sourcecode.swift; path = PlaylistDescriptionCell.swift; sourceTree = "<group>"; };
		3A7ABEE92BCD30C800804DEE /* SongRowCell.swift */ = {isa = PBXFileReference; lastKnownFileType = sourcecode.swift; path = SongRowCell.swift; sourceTree = "<group>"; };
/* End PBXFileReference section */

/* Begin PBXFrameworksBuildPhase section */
		3A7ABE9A2BC7EB2200804DEE /* Frameworks */ = {
			isa = PBXFrameworksBuildPhase;
			buildActionMask = 2147483647;
			files = (
				3A7ABEBE2BC7F9C600804DEE /* SwiftfulUI in Frameworks */,
				3A7ABEC12BC7F9E000804DEE /* SwiftfulRouting in Frameworks */,
				3A7ABEB02BC7EB3A00804DEE /* SDWebImageSwiftUI in Frameworks */,
			);
			runOnlyForDeploymentPostprocessing = 0;
		};
/* End PBXFrameworksBuildPhase section */

/* Begin PBXGroup section */
		3A7ABE942BC7EB2200804DEE = {
			isa = PBXGroup;
			children = (
				3A7ABE9F2BC7EB2200804DEE /* UIPractice */,
				3A7ABE9E2BC7EB2200804DEE /* Products */,
			);
			sourceTree = "<group>";
		};
		3A7ABE9E2BC7EB2200804DEE /* Products */ = {
			isa = PBXGroup;
			children = (
				3A7ABE9D2BC7EB2200804DEE /* UIPractice.app */,
			);
			name = Products;
			sourceTree = "<group>";
		};
		3A7ABE9F2BC7EB2200804DEE /* UIPractice */ = {
			isa = PBXGroup;
			children = (
				3A7ABEA02BC7EB2200804DEE /* UIPracticeApp.swift */,
				3A7ABEA22BC7EB2200804DEE /* ContentView.swift */,
				3A7ABEB12BC7EB4000804DEE /* Shared */,
				3A7ABEC22BC7FBF400804DEE /* Spotify */,
				3A7ABEA42BC7EB2400804DEE /* Assets.xcassets */,
				3A7ABEA62BC7EB2400804DEE /* Preview Content */,
			);
			path = UIPractice;
			sourceTree = "<group>";
		};
		3A7ABEA62BC7EB2400804DEE /* Preview Content */ = {
			isa = PBXGroup;
			children = (
				3A7ABEA72BC7EB2400804DEE /* Preview Assets.xcassets */,
			);
			path = "Preview Content";
			sourceTree = "<group>";
		};
		3A7ABEB12BC7EB4000804DEE /* Shared */ = {
			isa = PBXGroup;
			children = (
				3A7ABEB22BC7EB5100804DEE /* ImageLoaderView.swift */,
				3A7ABEB42BC7EC2500804DEE /* Constants.swift */,
				3A7ABEB62BC7EDBF00804DEE /* DatabaseHelper.swift */,
				3A7ABEB82BC7F89100804DEE /* Product.swift */,
				3A7ABEBA2BC7F8A500804DEE /* User.swift */,
			);
			path = Shared;
			sourceTree = "<group>";
		};
		3A7ABEC22BC7FBF400804DEE /* Spotify */ = {
			isa = PBXGroup;
			children = (
				3A7ABECE2BC810E800804DEE /* Extension */,
				3A7ABEC92BC7FEBF00804DEE /* Models */,
				3A7ABEC42BC7FBFF00804DEE /* Components */,
				3A7ABEC32BC7FBFA00804DEE /* Core */,
			);
			path = Spotify;
			sourceTree = "<group>";
		};
		3A7ABEC32BC7FBFA00804DEE /* Core */ = {
			isa = PBXGroup;
			children = (
				3A7ABEC52BC7FC1C00804DEE /* SpotifyHomeView.swift */,
				3A7ABEE32BCD1F0B00804DEE /* SpotifyPlaylistView.swift */,
			);
			path = Core;
			sourceTree = "<group>";
		};
		3A7ABEC42BC7FBFF00804DEE /* Components */ = {
			isa = PBXGroup;
			children = (
				3A7ABEC72BC7FDBC00804DEE /* SpotifyCategoryCell.swift */,
				3A7ABECC2BC80F1E00804DEE /* SpotifyRecentsCell.swift */,
				3A7ABECF2BC812D700804DEE /* SpotifyNewReleaseCell.swift */,
				3A7ABED12BCA349200804DEE /* ImageTitleRowCell.swift */,
				3A7ABEE52BCD1F3F00804DEE /* PlaylistHeaderCell.swift */,
				3A7ABEE72BCD24D300804DEE /* PlaylistDescriptionCell.swift */,
				3A7ABEE92BCD30C800804DEE /* SongRowCell.swift */,
			);
			path = Components;
			sourceTree = "<group>";
		};
		3A7ABEC92BC7FEBF00804DEE /* Models */ = {
			isa = PBXGroup;
			children = (
				3A7ABECA2BC7FECA00804DEE /* Category.swift */,
			);
			path = Models;
			sourceTree = "<group>";
		};
		3A7ABECE2BC810E800804DEE /* Extension */ = {
			isa = PBXGroup;
			children = (
			);
			path = Extension;
			sourceTree = "<group>";
		};
/* End PBXGroup section */

/* Begin PBXNativeTarget section */
		3A7ABE9C2BC7EB2200804DEE /* UIPractice */ = {
			isa = PBXNativeTarget;
			buildConfigurationList = 3A7ABEAB2BC7EB2400804DEE /* Build configuration list for PBXNativeTarget "UIPractice" */;
			buildPhases = (
				3A7ABE992BC7EB2200804DEE /* Sources */,
				3A7ABE9A2BC7EB2200804DEE /* Frameworks */,
				3A7ABE9B2BC7EB2200804DEE /* Resources */,
			);
			buildRules = (
			);
			dependencies = (
			);
			name = UIPractice;
			packageProductDependencies = (
				3A7ABEAF2BC7EB3A00804DEE /* SDWebImageSwiftUI */,
				3A7ABEBD2BC7F9C600804DEE /* SwiftfulUI */,
				3A7ABEC02BC7F9E000804DEE /* SwiftfulRouting */,
			);
			productName = UIPractice;
			productReference = 3A7ABE9D2BC7EB2200804DEE /* UIPractice.app */;
			productType = "com.apple.product-type.application";
		};
/* End PBXNativeTarget section */

/* Begin PBXProject section */
		3A7ABE952BC7EB2200804DEE /* Project object */ = {
			isa = PBXProject;
			attributes = {
				BuildIndependentTargetsInParallel = 1;
				LastSwiftUpdateCheck = 1520;
				LastUpgradeCheck = 1520;
				TargetAttributes = {
					3A7ABE9C2BC7EB2200804DEE = {
						CreatedOnToolsVersion = 15.2;
					};
				};
			};
			buildConfigurationList = 3A7ABE982BC7EB2200804DEE /* Build configuration list for PBXProject "UIPractice" */;
			compatibilityVersion = "Xcode 14.0";
			developmentRegion = en;
			hasScannedForEncodings = 0;
			knownRegions = (
				en,
				Base,
			);
			mainGroup = 3A7ABE942BC7EB2200804DEE;
			packageReferences = (
				3A7ABEAE2BC7EB3A00804DEE /* XCRemoteSwiftPackageReference "SDWebImageSwiftUI" */,
				3A7ABEBC2BC7F9C600804DEE /* XCRemoteSwiftPackageReference "SwiftfulUI" */,
				3A7ABEBF2BC7F9E000804DEE /* XCRemoteSwiftPackageReference "SwiftfulRouting" */,
			);
			productRefGroup = 3A7ABE9E2BC7EB2200804DEE /* Products */;
			projectDirPath = "";
			projectRoot = "";
			targets = (
				3A7ABE9C2BC7EB2200804DEE /* UIPractice */,
			);
		};
/* End PBXProject section */

/* Begin PBXResourcesBuildPhase section */
		3A7ABE9B2BC7EB2200804DEE /* Resources */ = {
			isa = PBXResourcesBuildPhase;
			buildActionMask = 2147483647;
			files = (
				3A7ABEA82BC7EB2400804DEE /* Preview Assets.xcassets in Resources */,
				3A7ABEA52BC7EB2400804DEE /* Assets.xcassets in Resources */,
			);
			runOnlyForDeploymentPostprocessing = 0;
		};
/* End PBXResourcesBuildPhase section */

/* Begin PBXSourcesBuildPhase section */
		3A7ABE992BC7EB2200804DEE /* Sources */ = {
			isa = PBXSourcesBuildPhase;
			buildActionMask = 2147483647;
			files = (
				3A7ABEB32BC7EB5100804DEE /* ImageLoaderView.swift in Sources */,
				3A7ABECB2BC7FECA00804DEE /* Category.swift in Sources */,
				3A7ABEB72BC7EDBF00804DEE /* DatabaseHelper.swift in Sources */,
				3A7ABED02BC812D700804DEE /* SpotifyNewReleaseCell.swift in Sources */,
				3A7ABEE62BCD1F3F00804DEE /* PlaylistHeaderCell.swift in Sources */,
				3A7ABEB52BC7EC2500804DEE /* Constants.swift in Sources */,
				3A7ABEA32BC7EB2200804DEE /* ContentView.swift in Sources */,
				3A7ABED22BCA349200804DEE /* ImageTitleRowCell.swift in Sources */,
				3A7ABEE42BCD1F0B00804DEE /* SpotifyPlaylistView.swift in Sources */,
				3A7ABEA12BC7EB2200804DEE /* UIPracticeApp.swift in Sources */,
				3A7ABEC82BC7FDBC00804DEE /* SpotifyCategoryCell.swift in Sources */,
				3A7ABEC62BC7FC1C00804DEE /* SpotifyHomeView.swift in Sources */,
				3A7ABECD2BC80F1E00804DEE /* SpotifyRecentsCell.swift in Sources */,
				3A7ABEB92BC7F89100804DEE /* Product.swift in Sources */,
				3A7ABEEA2BCD30C800804DEE /* SongRowCell.swift in Sources */,
				3A7ABEE82BCD24D300804DEE /* PlaylistDescriptionCell.swift in Sources */,
				3A7ABEBB2BC7F8A500804DEE /* User.swift in Sources */,
			);
			runOnlyForDeploymentPostprocessing = 0;
		};
/* End PBXSourcesBuildPhase section */

/* Begin XCBuildConfiguration section */
		3A7ABEA92BC7EB2400804DEE /* Debug */ = {
			isa = XCBuildConfiguration;
			buildSettings = {
				ALWAYS_SEARCH_USER_PATHS = NO;
				ASSETCATALOG_COMPILER_GENERATE_SWIFT_ASSET_SYMBOL_EXTENSIONS = YES;
				CLANG_ANALYZER_NONNULL = YES;
				CLANG_ANALYZER_NUMBER_OBJECT_CONVERSION = YES_AGGRESSIVE;
				CLANG_CXX_LANGUAGE_STANDARD = "gnu++20";
				CLANG_ENABLE_MODULES = YES;
				CLANG_ENABLE_OBJC_ARC = YES;
				CLANG_ENABLE_OBJC_WEAK = YES;
				CLANG_WARN_BLOCK_CAPTURE_AUTORELEASING = YES;
				CLANG_WARN_BOOL_CONVERSION = YES;
				CLANG_WARN_COMMA = YES;
				CLANG_WARN_CONSTANT_CONVERSION = YES;
				CLANG_WARN_DEPRECATED_OBJC_IMPLEMENTATIONS = YES;
				CLANG_WARN_DIRECT_OBJC_ISA_USAGE = YES_ERROR;
				CLANG_WARN_DOCUMENTATION_COMMENTS = YES;
				CLANG_WARN_EMPTY_BODY = YES;
				CLANG_WARN_ENUM_CONVERSION = YES;
				CLANG_WARN_INFINITE_RECURSION = YES;
				CLANG_WARN_INT_CONVERSION = YES;
				CLANG_WARN_NON_LITERAL_NULL_CONVERSION = YES;
				CLANG_WARN_OBJC_IMPLICIT_RETAIN_SELF = YES;
				CLANG_WARN_OBJC_LITERAL_CONVERSION = YES;
				CLANG_WARN_OBJC_ROOT_CLASS = YES_ERROR;
				CLANG_WARN_QUOTED_INCLUDE_IN_FRAMEWORK_HEADER = YES;
				CLANG_WARN_RANGE_LOOP_ANALYSIS = YES;
				CLANG_WARN_STRICT_PROTOTYPES = YES;
				CLANG_WARN_SUSPICIOUS_MOVE = YES;
				CLANG_WARN_UNGUARDED_AVAILABILITY = YES_AGGRESSIVE;
				CLANG_WARN_UNREACHABLE_CODE = YES;
				CLANG_WARN__DUPLICATE_METHOD_MATCH = YES;
				COPY_PHASE_STRIP = NO;
				DEBUG_INFORMATION_FORMAT = dwarf;
				ENABLE_STRICT_OBJC_MSGSEND = YES;
				ENABLE_TESTABILITY = YES;
				ENABLE_USER_SCRIPT_SANDBOXING = YES;
				GCC_C_LANGUAGE_STANDARD = gnu17;
				GCC_DYNAMIC_NO_PIC = NO;
				GCC_NO_COMMON_BLOCKS = YES;
				GCC_OPTIMIZATION_LEVEL = 0;
				GCC_PREPROCESSOR_DEFINITIONS = (
					"DEBUG=1",
					"$(inherited)",
				);
				GCC_WARN_64_TO_32_BIT_CONVERSION = YES;
				GCC_WARN_ABOUT_RETURN_TYPE = YES_ERROR;
				GCC_WARN_UNDECLARED_SELECTOR = YES;
				GCC_WARN_UNINITIALIZED_AUTOS = YES_AGGRESSIVE;
				GCC_WARN_UNUSED_FUNCTION = YES;
				GCC_WARN_UNUSED_VARIABLE = YES;
				IPHONEOS_DEPLOYMENT_TARGET = 17.2;
				LOCALIZATION_PREFERS_STRING_CATALOGS = YES;
				MTL_ENABLE_DEBUG_INFO = INCLUDE_SOURCE;
				MTL_FAST_MATH = YES;
				ONLY_ACTIVE_ARCH = YES;
				SDKROOT = iphoneos;
				SWIFT_ACTIVE_COMPILATION_CONDITIONS = "DEBUG $(inherited)";
				SWIFT_OPTIMIZATION_LEVEL = "-Onone";
			};
			name = Debug;
		};
		3A7ABEAA2BC7EB2400804DEE /* Release */ = {
			isa = XCBuildConfiguration;
			buildSettings = {
				ALWAYS_SEARCH_USER_PATHS = NO;
				ASSETCATALOG_COMPILER_GENERATE_SWIFT_ASSET_SYMBOL_EXTENSIONS = YES;
				CLANG_ANALYZER_NONNULL = YES;
				CLANG_ANALYZER_NUMBER_OBJECT_CONVERSION = YES_AGGRESSIVE;
				CLANG_CXX_LANGUAGE_STANDARD = "gnu++20";
				CLANG_ENABLE_MODULES = YES;
				CLANG_ENABLE_OBJC_ARC = YES;
				CLANG_ENABLE_OBJC_WEAK = YES;
				CLANG_WARN_BLOCK_CAPTURE_AUTORELEASING = YES;
				CLANG_WARN_BOOL_CONVERSION = YES;
				CLANG_WARN_COMMA = YES;
				CLANG_WARN_CONSTANT_CONVERSION = YES;
				CLANG_WARN_DEPRECATED_OBJC_IMPLEMENTATIONS = YES;
				CLANG_WARN_DIRECT_OBJC_ISA_USAGE = YES_ERROR;
				CLANG_WARN_DOCUMENTATION_COMMENTS = YES;
				CLANG_WARN_EMPTY_BODY = YES;
				CLANG_WARN_ENUM_CONVERSION = YES;
				CLANG_WARN_INFINITE_RECURSION = YES;
				CLANG_WARN_INT_CONVERSION = YES;
				CLANG_WARN_NON_LITERAL_NULL_CONVERSION = YES;
				CLANG_WARN_OBJC_IMPLICIT_RETAIN_SELF = YES;
				CLANG_WARN_OBJC_LITERAL_CONVERSION = YES;
				CLANG_WARN_OBJC_ROOT_CLASS = YES_ERROR;
				CLANG_WARN_QUOTED_INCLUDE_IN_FRAMEWORK_HEADER = YES;
				CLANG_WARN_RANGE_LOOP_ANALYSIS = YES;
				CLANG_WARN_STRICT_PROTOTYPES = YES;
				CLANG_WARN_SUSPICIOUS_MOVE = YES;
				CLANG_WARN_UNGUARDED_AVAILABILITY = YES_AGGRESSIVE;
				CLANG_WARN_UNREACHABLE_CODE = YES;
				CLANG_WARN__DUPLICATE_METHOD_MATCH = YES;
				COPY_PHASE_STRIP = NO;
				DEBUG_INFORMATION_FORMAT = "dwarf-with-dsym";
				ENABLE_NS_ASSERTIONS = NO;
				ENABLE_STRICT_OBJC_MSGSEND = YES;
				ENABLE_USER_SCRIPT_SANDBOXING = YES;
				GCC_C_LANGUAGE_STANDARD = gnu17;
				GCC_NO_COMMON_BLOCKS = YES;
				GCC_WARN_64_TO_32_BIT_CONVERSION = YES;
				GCC_WARN_ABOUT_RETURN_TYPE = YES_ERROR;
				GCC_WARN_UNDECLARED_SELECTOR = YES;
				GCC_WARN_UNINITIALIZED_AUTOS = YES_AGGRESSIVE;
				GCC_WARN_UNUSED_FUNCTION = YES;
				GCC_WARN_UNUSED_VARIABLE = YES;
				IPHONEOS_DEPLOYMENT_TARGET = 17.2;
				LOCALIZATION_PREFERS_STRING_CATALOGS = YES;
				MTL_ENABLE_DEBUG_INFO = NO;
				MTL_FAST_MATH = YES;
				SDKROOT = iphoneos;
				SWIFT_COMPILATION_MODE = wholemodule;
				VALIDATE_PRODUCT = YES;
			};
			name = Release;
		};
		3A7ABEAC2BC7EB2400804DEE /* Debug */ = {
			isa = XCBuildConfiguration;
			buildSettings = {
				ASSETCATALOG_COMPILER_APPICON_NAME = AppIcon;
				ASSETCATALOG_COMPILER_GLOBAL_ACCENT_COLOR_NAME = AccentColor;
				CODE_SIGN_STYLE = Automatic;
				CURRENT_PROJECT_VERSION = 1;
				DEVELOPMENT_ASSET_PATHS = "\"UIPractice/Preview Content\"";
				DEVELOPMENT_TEAM = D3AGUG8XDN;
				ENABLE_PREVIEWS = YES;
				GENERATE_INFOPLIST_FILE = YES;
				INFOPLIST_KEY_UIApplicationSceneManifest_Generation = YES;
				INFOPLIST_KEY_UIApplicationSupportsIndirectInputEvents = YES;
				INFOPLIST_KEY_UILaunchScreen_Generation = YES;
				INFOPLIST_KEY_UISupportedInterfaceOrientations_iPad = "UIInterfaceOrientationPortrait UIInterfaceOrientationPortraitUpsideDown UIInterfaceOrientationLandscapeLeft UIInterfaceOrientationLandscapeRight";
				INFOPLIST_KEY_UISupportedInterfaceOrientations_iPhone = "UIInterfaceOrientationPortrait UIInterfaceOrientationLandscapeLeft UIInterfaceOrientationLandscapeRight";
				LD_RUNPATH_SEARCH_PATHS = (
					"$(inherited)",
					"@executable_path/Frameworks",
				);
				MARKETING_VERSION = 1.0;
				PRODUCT_BUNDLE_IDENTIFIER = com.visiondeveloper.UIPractice;
				PRODUCT_NAME = "$(TARGET_NAME)";
				SWIFT_EMIT_LOC_STRINGS = YES;
				SWIFT_VERSION = 5.0;
				TARGETED_DEVICE_FAMILY = "1,2";
			};
			name = Debug;
		};
		3A7ABEAD2BC7EB2400804DEE /* Release */ = {
			isa = XCBuildConfiguration;
			buildSettings = {
				ASSETCATALOG_COMPILER_APPICON_NAME = AppIcon;
				ASSETCATALOG_COMPILER_GLOBAL_ACCENT_COLOR_NAME = AccentColor;
				CODE_SIGN_STYLE = Automatic;
				CURRENT_PROJECT_VERSION = 1;
				DEVELOPMENT_ASSET_PATHS = "\"UIPractice/Preview Content\"";
				DEVELOPMENT_TEAM = D3AGUG8XDN;
				ENABLE_PREVIEWS = YES;
				GENERATE_INFOPLIST_FILE = YES;
				INFOPLIST_KEY_UIApplicationSceneManifest_Generation = YES;
				INFOPLIST_KEY_UIApplicationSupportsIndirectInputEvents = YES;
				INFOPLIST_KEY_UILaunchScreen_Generation = YES;
				INFOPLIST_KEY_UISupportedInterfaceOrientations_iPad = "UIInterfaceOrientationPortrait UIInterfaceOrientationPortraitUpsideDown UIInterfaceOrientationLandscapeLeft UIInterfaceOrientationLandscapeRight";
				INFOPLIST_KEY_UISupportedInterfaceOrientations_iPhone = "UIInterfaceOrientationPortrait UIInterfaceOrientationLandscapeLeft UIInterfaceOrientationLandscapeRight";
				LD_RUNPATH_SEARCH_PATHS = (
					"$(inherited)",
					"@executable_path/Frameworks",
				);
				MARKETING_VERSION = 1.0;
				PRODUCT_BUNDLE_IDENTIFIER = com.visiondeveloper.UIPractice;
				PRODUCT_NAME = "$(TARGET_NAME)";
				SWIFT_EMIT_LOC_STRINGS = YES;
				SWIFT_VERSION = 5.0;
				TARGETED_DEVICE_FAMILY = "1,2";
			};
			name = Release;
		};
/* End XCBuildConfiguration section */

/* Begin XCConfigurationList section */
		3A7ABE982BC7EB2200804DEE /* Build configuration list for PBXProject "UIPractice" */ = {
			isa = XCConfigurationList;
			buildConfigurations = (
				3A7ABEA92BC7EB2400804DEE /* Debug */,
				3A7ABEAA2BC7EB2400804DEE /* Release */,
			);
			defaultConfigurationIsVisible = 0;
			defaultConfigurationName = Release;
		};
		3A7ABEAB2BC7EB2400804DEE /* Build configuration list for PBXNativeTarget "UIPractice" */ = {
			isa = XCConfigurationList;
			buildConfigurations = (
				3A7ABEAC2BC7EB2400804DEE /* Debug */,
				3A7ABEAD2BC7EB2400804DEE /* Release */,
			);
			defaultConfigurationIsVisible = 0;
			defaultConfigurationName = Release;
		};
/* End XCConfigurationList section */

/* Begin XCRemoteSwiftPackageReference section */
		3A7ABEAE2BC7EB3A00804DEE /* XCRemoteSwiftPackageReference "SDWebImageSwiftUI" */ = {
			isa = XCRemoteSwiftPackageReference;
			repositoryURL = "https://github.com/SDWebImage/SDWebImageSwiftUI.git";
			requirement = {
				kind = upToNextMajorVersion;
				minimumVersion = 3.0.2;
			};
		};
		3A7ABEBC2BC7F9C600804DEE /* XCRemoteSwiftPackageReference "SwiftfulUI" */ = {
			isa = XCRemoteSwiftPackageReference;
			repositoryURL = "https://github.com/SwiftfulThinking/SwiftfulUI.git";
			requirement = {
				kind = upToNextMajorVersion;
				minimumVersion = 1.2.0;
			};
		};
		3A7ABEBF2BC7F9E000804DEE /* XCRemoteSwiftPackageReference "SwiftfulRouting" */ = {
			isa = XCRemoteSwiftPackageReference;
			repositoryURL = "https://github.com/SwiftfulThinking/SwiftfulRouting.git";
			requirement = {
				kind = upToNextMajorVersion;
				minimumVersion = 5.1.0;
			};
		};
/* End XCRemoteSwiftPackageReference section */

/* Begin XCSwiftPackageProductDependency section */
		3A7ABEAF2BC7EB3A00804DEE /* SDWebImageSwiftUI */ = {
			isa = XCSwiftPackageProductDependency;
			package = 3A7ABEAE2BC7EB3A00804DEE /* XCRemoteSwiftPackageReference "SDWebImageSwiftUI" */;
			productName = SDWebImageSwiftUI;
		};
		3A7ABEBD2BC7F9C600804DEE /* SwiftfulUI */ = {
			isa = XCSwiftPackageProductDependency;
			package = 3A7ABEBC2BC7F9C600804DEE /* XCRemoteSwiftPackageReference "SwiftfulUI" */;
			productName = SwiftfulUI;
		};
		3A7ABEC02BC7F9E000804DEE /* SwiftfulRouting */ = {
			isa = XCSwiftPackageProductDependency;
			package = 3A7ABEBF2BC7F9E000804DEE /* XCRemoteSwiftPackageReference "SwiftfulRouting" */;
			productName = SwiftfulRouting;
		};
/* End XCSwiftPackageProductDependency section */
	};
	rootObject = 3A7ABE952BC7EB2200804DEE /* Project object */;
}
